
Microsoft Visual Studio Solution File, Format Version 12.00
# Visual Studio 15
VisualStudioVersion = 15.0.28010.2036
MinimumVisualStudioVersion = 10.0.40219.1
Project("{2150E333-8FDC-42A3-9474-1A3956D46DE8}") = "src", "src", "{9CCB9EB2-1925-41E7-9EFA-289698F61725}"
EndProject
Project("{2150E333-8FDC-42A3-9474-1A3956D46DE8}") = "Solution Items", "Solution Items", "{11E9461E-93D6-4640-9909-7F0E4BDDC47D}"
	ProjectSection(SolutionItems) = preProject
		global.json = global.json
		NuGet.Config = NuGet.Config
	EndProjectSection
EndProject
Project("{2150E333-8FDC-42A3-9474-1A3956D46DE8}") = "test", "test", "{E5D3A4D6-9FED-4006-846C-304095D9CFE5}"
EndProject
Project("{9A19103F-16F7-4668-BE54-9A1E7A4F7556}") = "Cinq.RentCar.Controllers", "src\Cinq.RentCar.Controllers\Cinq.RentCar.Controllers.csproj", "{E9060120-3F36-4DA9-B874-4E43BD6CA876}"
EndProject
Project("{FAE04EC0-301F-11D3-BF4B-00C04F79EFBC}") = "Cinq.RentCar.Abstractions", "Cinq.RentCar.Abstractions\Cinq.RentCar.Abstractions.csproj", "{18FCE2C9-2E9E-4721-9240-C758DF6C74A8}"
EndProject
Project("{FAE04EC0-301F-11D3-BF4B-00C04F79EFBC}") = "Cinq.RentCar.Services", "Cinq.RentCar.Service\Cinq.RentCar.Services.csproj", "{2763DFBE-6224-4158-A509-B39EDA0F9154}"
EndProject
Project("{FAE04EC0-301F-11D3-BF4B-00C04F79EFBC}") = "Cinq.RentCar.Repositories", "Cinq.RentCar.Repositories\Cinq.RentCar.Repositories.csproj", "{AB7A4462-0518-4256-B9C4-E00A9E4C5887}"
EndProject
Project("{FAE04EC0-301F-11D3-BF4B-00C04F79EFBC}") = "Cinq.RentCar.Controllers.Test", "Cinq.RentCar.Controllers.Test\Cinq.RentCar.Controllers.Test.csproj", "{583A15D2-B853-4560-A2ED-D30D1606965F}"
EndProject
Project("{FAE04EC0-301F-11D3-BF4B-00C04F79EFBC}") = "Cinq.RentCar.Services.Test", "Cinq.RentCar.Services.Test\Cinq.RentCar.Services.Test.csproj", "{08731DF6-B1FD-41E5-B58B-5763A3958DFF}"
EndProject
Global
	GlobalSection(SolutionConfigurationPlatforms) = preSolution
		Debug|Any CPU = Debug|Any CPU
		Release|Any CPU = Release|Any CPU
	EndGlobalSection
	GlobalSection(ProjectConfigurationPlatforms) = postSolution
		{E9060120-3F36-4DA9-B874-4E43BD6CA876}.Debug|Any CPU.ActiveCfg = Debug|Any CPU
		{E9060120-3F36-4DA9-B874-4E43BD6CA876}.Debug|Any CPU.Build.0 = Debug|Any CPU
		{E9060120-3F36-4DA9-B874-4E43BD6CA876}.Release|Any CPU.ActiveCfg = Release|Any CPU
		{E9060120-3F36-4DA9-B874-4E43BD6CA876}.Release|Any CPU.Build.0 = Release|Any CPU
		{18FCE2C9-2E9E-4721-9240-C758DF6C74A8}.Debug|Any CPU.ActiveCfg = Debug|Any CPU
		{18FCE2C9-2E9E-4721-9240-C758DF6C74A8}.Debug|Any CPU.Build.0 = Debug|Any CPU
		{18FCE2C9-2E9E-4721-9240-C758DF6C74A8}.Release|Any CPU.ActiveCfg = Release|Any CPU
		{18FCE2C9-2E9E-4721-9240-C758DF6C74A8}.Release|Any CPU.Build.0 = Release|Any CPU
		{2763DFBE-6224-4158-A509-B39EDA0F9154}.Debug|Any CPU.ActiveCfg = Debug|Any CPU
		{2763DFBE-6224-4158-A509-B39EDA0F9154}.Debug|Any CPU.Build.0 = Debug|Any CPU
		{2763DFBE-6224-4158-A509-B39EDA0F9154}.Release|Any CPU.ActiveCfg = Release|Any CPU
		{2763DFBE-6224-4158-A509-B39EDA0F9154}.Release|Any CPU.Build.0 = Release|Any CPU
		{AB7A4462-0518-4256-B9C4-E00A9E4C5887}.Debug|Any CPU.ActiveCfg = Debug|Any CPU
		{AB7A4462-0518-4256-B9C4-E00A9E4C5887}.Debug|Any CPU.Build.0 = Debug|Any CPU
		{AB7A4462-0518-4256-B9C4-E00A9E4C5887}.Release|Any CPU.ActiveCfg = Release|Any CPU
		{AB7A4462-0518-4256-B9C4-E00A9E4C5887}.Release|Any CPU.Build.0 = Release|Any CPU
		{583A15D2-B853-4560-A2ED-D30D1606965F}.Debug|Any CPU.ActiveCfg = Debug|Any CPU
		{583A15D2-B853-4560-A2ED-D30D1606965F}.Debug|Any CPU.Build.0 = Debug|Any CPU
		{583A15D2-B853-4560-A2ED-D30D1606965F}.Release|Any CPU.ActiveCfg = Release|Any CPU
		{583A15D2-B853-4560-A2ED-D30D1606965F}.Release|Any CPU.Build.0 = Release|Any CPU
		{08731DF6-B1FD-41E5-B58B-5763A3958DFF}.Debug|Any CPU.ActiveCfg = Debug|Any CPU
		{08731DF6-B1FD-41E5-B58B-5763A3958DFF}.Debug|Any CPU.Build.0 = Debug|Any CPU
		{08731DF6-B1FD-41E5-B58B-5763A3958DFF}.Release|Any CPU.ActiveCfg = Release|Any CPU
		{08731DF6-B1FD-41E5-B58B-5763A3958DFF}.Release|Any CPU.Build.0 = Release|Any CPU
	EndGlobalSection
	GlobalSection(SolutionProperties) = preSolution
		HideSolutionNode = FALSE
	EndGlobalSection
	GlobalSection(NestedProjects) = preSolution
		{E9060120-3F36-4DA9-B874-4E43BD6CA876} = {9CCB9EB2-1925-41E7-9EFA-289698F61725}
		{18FCE2C9-2E9E-4721-9240-C758DF6C74A8} = {9CCB9EB2-1925-41E7-9EFA-289698F61725}
		{2763DFBE-6224-4158-A509-B39EDA0F9154} = {9CCB9EB2-1925-41E7-9EFA-289698F61725}
		{AB7A4462-0518-4256-B9C4-E00A9E4C5887} = {9CCB9EB2-1925-41E7-9EFA-289698F61725}
		{583A15D2-B853-4560-A2ED-D30D1606965F} = {E5D3A4D6-9FED-4006-846C-304095D9CFE5}
		{08731DF6-B1FD-41E5-B58B-5763A3958DFF} = {E5D3A4D6-9FED-4006-846C-304095D9CFE5}
	EndGlobalSection
	GlobalSection(ExtensibilityGlobals) = postSolution
		SolutionGuid = {471460AD-13BD-479A-A292-30391120E01A}
	EndGlobalSection
EndGlobal
